
Microsoft Visual Studio Solution File, Format Version 12.00
# Visual Studio 14
VisualStudioVersion = 14.0.24720.0
MinimumVisualStudioVersion = 10.0.40219.1
Project("{FAE04EC0-301F-11D3-BF4B-00C04F79EFBC}") = "ZAD1", "ZAD1\ZAD1.csproj", "{651108E4-1746-41B6-AEFD-F1261D685373}"
EndProject
Project("{FAE04EC0-301F-11D3-BF4B-00C04F79EFBC}") = "ZAD2", "ZAD2\ZAD2.csproj", "{7D8401A8-36D0-4ED6-B14B-F1FD864E49F8}"
EndProject
Project("{FAE04EC0-301F-11D3-BF4B-00C04F79EFBC}") = "ZAD3", "ZAD3\ZAD3.csproj", "{84729728-1712-43E5-A694-0AA6F177D97E}"
EndProject
Global
	GlobalSection(SolutionConfigurationPlatforms) = preSolution
		Debug|Any CPU = Debug|Any CPU
		Release|Any CPU = Release|Any CPU
	EndGlobalSection
	GlobalSection(ProjectConfigurationPlatforms) = postSolution
		{651108E4-1746-41B6-AEFD-F1261D685373}.Debug|Any CPU.ActiveCfg = Debug|Any CPU
		{651108E4-1746-41B6-AEFD-F1261D685373}.Debug|Any CPU.Build.0 = Debug|Any CPU
		{651108E4-1746-41B6-AEFD-F1261D685373}.Release|Any CPU.ActiveCfg = Release|Any CPU
		{651108E4-1746-41B6-AEFD-F1261D685373}.Release|Any CPU.Build.0 = Release|Any CPU
		{7D8401A8-36D0-4ED6-B14B-F1FD864E49F8}.Debug|Any CPU.ActiveCfg = Debug|Any CPU
		{7D8401A8-36D0-4ED6-B14B-F1FD864E49F8}.Debug|Any CPU.Build.0 = Debug|Any CPU
		{7D8401A8-36D0-4ED6-B14B-F1FD864E49F8}.Release|Any CPU.ActiveCfg = Release|Any CPU
		{7D8401A8-36D0-4ED6-B14B-F1FD864E49F8}.Release|Any CPU.Build.0 = Release|Any CPU
		{84729728-1712-43E5-A694-0AA6F177D97E}.Debug|Any CPU.ActiveCfg = Debug|Any CPU
		{84729728-1712-43E5-A694-0AA6F177D97E}.Debug|Any CPU.Build.0 = Debug|Any CPU
		{84729728-1712-43E5-A694-0AA6F177D97E}.Release|Any CPU.ActiveCfg = Release|Any CPU
		{84729728-1712-43E5-A694-0AA6F177D97E}.Release|Any CPU.Build.0 = Release|Any CPU
	EndGlobalSection
	GlobalSection(SolutionProperties) = preSolution
		HideSolutionNode = FALSE
	EndGlobalSection
EndGlobal
